
Microsoft Visual Studio Solution File, Format Version 12.00
# Visual Studio 15
VisualStudioVersion = 15.0.27428.2015
MinimumVisualStudioVersion = 10.0.40219.1
Project("{FAE04EC0-301F-11D3-BF4B-00C04F79EFBC}") = "Minimum_spanning_tree", "Minimum_spanning_tree\Minimum_spanning_tree.csproj", "{2F6766BC-64DB-4AFA-8BFA-2FA2679DD57B}"
EndProject
Project("{FAE04EC0-301F-11D3-BF4B-00C04F79EFBC}") = "Algorithms_Library", "Algorithms_Library\Algorithms_Library.csproj", "{76FFD1E4-A73A-4681-B2B2-FEE91A4240BA}"
EndProject
Global
	GlobalSection(SolutionConfigurationPlatforms) = preSolution
		Debug|Any CPU = Debug|Any CPU
		Release|Any CPU = Release|Any CPU
	EndGlobalSection
	GlobalSection(ProjectConfigurationPlatforms) = postSolution
		{2F6766BC-64DB-4AFA-8BFA-2FA2679DD57B}.Debug|Any CPU.ActiveCfg = Debug|Any CPU
		{2F6766BC-64DB-4AFA-8BFA-2FA2679DD57B}.Debug|Any CPU.Build.0 = Debug|Any CPU
		{2F6766BC-64DB-4AFA-8BFA-2FA2679DD57B}.Release|Any CPU.ActiveCfg = Release|Any CPU
		{2F6766BC-64DB-4AFA-8BFA-2FA2679DD57B}.Release|Any CPU.Build.0 = Release|Any CPU
		{76FFD1E4-A73A-4681-B2B2-FEE91A4240BA}.Debug|Any CPU.ActiveCfg = Debug|Any CPU
		{76FFD1E4-A73A-4681-B2B2-FEE91A4240BA}.Debug|Any CPU.Build.0 = Debug|Any CPU
		{76FFD1E4-A73A-4681-B2B2-FEE91A4240BA}.Release|Any CPU.ActiveCfg = Release|Any CPU
		{76FFD1E4-A73A-4681-B2B2-FEE91A4240BA}.Release|Any CPU.Build.0 = Release|Any CPU
	EndGlobalSection
	GlobalSection(SolutionProperties) = preSolution
		HideSolutionNode = FALSE
	EndGlobalSection
	GlobalSection(ExtensibilityGlobals) = postSolution
		SolutionGuid = {C3CD775C-D505-41A2-B638-A481CB996E89}
	EndGlobalSection
EndGlobal
